{
  "version": 4,
  "terraform_version": "1.5.2",
  "serial": 49,
  "lineage": "964bc031-c8aa-84f2-16c1-e1a4cb9b0325",
  "outputs": {},
  "resources": [
    {
      "module": "module.module_uat",
      "mode": "managed",
      "type": "azurerm_network_security_group",
      "name": "nsg1",
      "provider": "module.module_uat.provider[\"registry.terraform.io/hashicorp/azurerm\"]",
      "instances": [
        {
          "schema_version": 0,
          "attributes": {
            "id": "/subscriptions/11e07d93-b7de-44c1-b006-7218b5fb3180/resourceGroups/UatRG/providers/Microsoft.Network/networkSecurityGroups/uat-nsg1",
            "location": "eastus",
            "name": "uat-nsg1",
            "resource_group_name": "UatRG",
            "security_rule": [],
            "tags": null,
            "timeouts": null
          },
          "sensitive_attributes": [],
          "private": "eyJlMmJmYjczMC1lY2FhLTExZTYtOGY4OC0zNDM2M2JjN2M0YzAiOnsiY3JlYXRlIjoxODAwMDAwMDAwMDAwLCJkZWxldGUiOjE4MDAwMDAwMDAwMDAsInJlYWQiOjMwMDAwMDAwMDAwMCwidXBkYXRlIjoxODAwMDAwMDAwMDAwfX0=",
          "dependencies": [
            "module.module_uat.azurerm_resource_group.rg"
          ]
        }
      ]
    },
    {
      "module": "module.module_uat",
      "mode": "managed",
      "type": "azurerm_resource_group",
      "name": "rg",
      "provider": "module.module_uat.provider[\"registry.terraform.io/hashicorp/azurerm\"]",
      "instances": [
        {
          "schema_version": 0,
          "attributes": {
            "id": "/subscriptions/11e07d93-b7de-44c1-b006-7218b5fb3180/resourceGroups/UatRG",
            "location": "eastus",
            "name": "UatRG",
            "tags": null,
            "timeouts": null
          },
          "sensitive_attributes": [],
          "private": "eyJlMmJmYjczMC1lY2FhLTExZTYtOGY4OC0zNDM2M2JjN2M0YzAiOnsiY3JlYXRlIjo1NDAwMDAwMDAwMDAwLCJkZWxldGUiOjU0MDAwMDAwMDAwMDAsInJlYWQiOjMwMDAwMDAwMDAwMCwidXBkYXRlIjo1NDAwMDAwMDAwMDAwfX0="
        }
      ]
    },
    {
      "module": "module.module_uat",
      "mode": "managed",
      "type": "azurerm_subnet",
      "name": "sub1",
      "provider": "module.module_uat.provider[\"registry.terraform.io/hashicorp/azurerm\"]",
      "instances": [
        {
          "schema_version": 0,
          "attributes": {
            "address_prefixes": [
              "10.60.1.0/24"
            ],
            "delegation": [],
            "enforce_private_link_endpoint_network_policies": false,
            "enforce_private_link_service_network_policies": false,
            "id": "/subscriptions/11e07d93-b7de-44c1-b006-7218b5fb3180/resourceGroups/UatRG/providers/Microsoft.Network/virtualNetworks/uat-10/subnets/uat",
            "name": "uat",
            "resource_group_name": "UatRG",
            "service_endpoint_policy_ids": null,
            "service_endpoints": null,
            "timeouts": null,
            "virtual_network_name": "uat-10"
          },
          "sensitive_attributes": [],
          "private": "eyJlMmJmYjczMC1lY2FhLTExZTYtOGY4OC0zNDM2M2JjN2M0YzAiOnsiY3JlYXRlIjoxODAwMDAwMDAwMDAwLCJkZWxldGUiOjE4MDAwMDAwMDAwMDAsInJlYWQiOjMwMDAwMDAwMDAwMCwidXBkYXRlIjoxODAwMDAwMDAwMDAwfX0=",
          "dependencies": [
            "module.module_uat.azurerm_resource_group.rg",
            "module.module_uat.azurerm_virtual_network.vnet1"
          ]
        }
      ]
    },
    {
      "module": "module.module_uat",
      "mode": "managed",
      "type": "azurerm_virtual_network",
      "name": "vnet1",
      "provider": "module.module_uat.provider[\"registry.terraform.io/hashicorp/azurerm\"]",
      "instances": [
        {
          "schema_version": 0,
          "attributes": {
            "address_space": [
              "10.60.0.0/16"
            ],
            "bgp_community": "",
            "ddos_protection_plan": [],
            "dns_servers": [],
            "edge_zone": "",
            "flow_timeout_in_minutes": 0,
            "guid": "9c2fb046-4825-4758-b4d2-cce0113318ad",
            "id": "/subscriptions/11e07d93-b7de-44c1-b006-7218b5fb3180/resourceGroups/UatRG/providers/Microsoft.Network/virtualNetworks/uat-10",
            "location": "eastus",
            "name": "uat-10",
            "resource_group_name": "UatRG",
            "subnet": [],
            "tags": null,
            "timeouts": null
          },
          "sensitive_attributes": [],
          "private": "eyJlMmJmYjczMC1lY2FhLTExZTYtOGY4OC0zNDM2M2JjN2M0YzAiOnsiY3JlYXRlIjoxODAwMDAwMDAwMDAwLCJkZWxldGUiOjE4MDAwMDAwMDAwMDAsInJlYWQiOjMwMDAwMDAwMDAwMCwidXBkYXRlIjoxODAwMDAwMDAwMDAwfX0=",
          "dependencies": [
            "module.module_uat.azurerm_resource_group.rg"
          ]
        }
      ]
    }
  ],
  "check_results": null
}
